
Microsoft Visual Studio Solution File, Format Version 12.00
# Visual Studio Version 17
VisualStudioVersion = 17.8.34316.72
MinimumVisualStudioVersion = 10.0.40219.1
Project("{2150E333-8FDC-42A3-9474-1A3956D46DE8}") = "01_Exercicios_Estrutura_Sequencial", "01_Exercicios_Estrutura_Sequencial", "{8598B3DE-F520-46D7-A0F5-065E04288BED}"
EndProject
Project("{9A19103F-16F7-4668-BE54-9A1E7A4F7556}") = "Exercicio_01", "Exercicio_01\Exercicio_01.csproj", "{41EC4484-7440-45EC-843D-B267586DD872}"
EndProject
Project("{9A19103F-16F7-4668-BE54-9A1E7A4F7556}") = "Exercicio_02", "Exercicio_02\Exercicio_02.csproj", "{6C960863-CE4E-49CE-9C15-18C696953130}"
EndProject
Project("{9A19103F-16F7-4668-BE54-9A1E7A4F7556}") = "Exercicio_03", "Exercicio_03\Exercicio_03.csproj", "{1F77F5B0-B18E-439F-BA8B-79757EE082F7}"
EndProject
Project("{9A19103F-16F7-4668-BE54-9A1E7A4F7556}") = "Exercicio_04", "Exercicio_04\Exercicio_04.csproj", "{FC71DB40-91E6-4D2D-88D7-DECDA2D60064}"
EndProject
Project("{9A19103F-16F7-4668-BE54-9A1E7A4F7556}") = "Exercicio_05", "Exercicio_05\Exercicio_05.csproj", "{F882E5A0-FA09-4F99-8A6E-3CC8C5E51F6D}"
EndProject
Project("{FAE04EC0-301F-11D3-BF4B-00C04F79EFBC}") = "Exercicio_06", "Exercicio_06\Exercicio_06.csproj", "{6B31EC92-29A8-4D69-A0AD-5DF61D73EB2A}"
EndProject
Global
	GlobalSection(SolutionConfigurationPlatforms) = preSolution
		Debug|Any CPU = Debug|Any CPU
		Release|Any CPU = Release|Any CPU
	EndGlobalSection
	GlobalSection(ProjectConfigurationPlatforms) = postSolution
		{41EC4484-7440-45EC-843D-B267586DD872}.Debug|Any CPU.ActiveCfg = Debug|Any CPU
		{41EC4484-7440-45EC-843D-B267586DD872}.Debug|Any CPU.Build.0 = Debug|Any CPU
		{41EC4484-7440-45EC-843D-B267586DD872}.Release|Any CPU.ActiveCfg = Release|Any CPU
		{41EC4484-7440-45EC-843D-B267586DD872}.Release|Any CPU.Build.0 = Release|Any CPU
		{6C960863-CE4E-49CE-9C15-18C696953130}.Debug|Any CPU.ActiveCfg = Debug|Any CPU
		{6C960863-CE4E-49CE-9C15-18C696953130}.Debug|Any CPU.Build.0 = Debug|Any CPU
		{6C960863-CE4E-49CE-9C15-18C696953130}.Release|Any CPU.ActiveCfg = Release|Any CPU
		{6C960863-CE4E-49CE-9C15-18C696953130}.Release|Any CPU.Build.0 = Release|Any CPU
		{1F77F5B0-B18E-439F-BA8B-79757EE082F7}.Debug|Any CPU.ActiveCfg = Debug|Any CPU
		{1F77F5B0-B18E-439F-BA8B-79757EE082F7}.Debug|Any CPU.Build.0 = Debug|Any CPU
		{1F77F5B0-B18E-439F-BA8B-79757EE082F7}.Release|Any CPU.ActiveCfg = Release|Any CPU
		{1F77F5B0-B18E-439F-BA8B-79757EE082F7}.Release|Any CPU.Build.0 = Release|Any CPU
		{FC71DB40-91E6-4D2D-88D7-DECDA2D60064}.Debug|Any CPU.ActiveCfg = Debug|Any CPU
		{FC71DB40-91E6-4D2D-88D7-DECDA2D60064}.Debug|Any CPU.Build.0 = Debug|Any CPU
		{FC71DB40-91E6-4D2D-88D7-DECDA2D60064}.Release|Any CPU.ActiveCfg = Release|Any CPU
		{FC71DB40-91E6-4D2D-88D7-DECDA2D60064}.Release|Any CPU.Build.0 = Release|Any CPU
		{F882E5A0-FA09-4F99-8A6E-3CC8C5E51F6D}.Debug|Any CPU.ActiveCfg = Debug|Any CPU
		{F882E5A0-FA09-4F99-8A6E-3CC8C5E51F6D}.Debug|Any CPU.Build.0 = Debug|Any CPU
		{F882E5A0-FA09-4F99-8A6E-3CC8C5E51F6D}.Release|Any CPU.ActiveCfg = Release|Any CPU
		{F882E5A0-FA09-4F99-8A6E-3CC8C5E51F6D}.Release|Any CPU.Build.0 = Release|Any CPU
		{6B31EC92-29A8-4D69-A0AD-5DF61D73EB2A}.Debug|Any CPU.ActiveCfg = Debug|Any CPU
		{6B31EC92-29A8-4D69-A0AD-5DF61D73EB2A}.Debug|Any CPU.Build.0 = Debug|Any CPU
		{6B31EC92-29A8-4D69-A0AD-5DF61D73EB2A}.Release|Any CPU.ActiveCfg = Release|Any CPU
		{6B31EC92-29A8-4D69-A0AD-5DF61D73EB2A}.Release|Any CPU.Build.0 = Release|Any CPU
	EndGlobalSection
	GlobalSection(SolutionProperties) = preSolution
		HideSolutionNode = FALSE
	EndGlobalSection
	GlobalSection(NestedProjects) = preSolution
		{41EC4484-7440-45EC-843D-B267586DD872} = {8598B3DE-F520-46D7-A0F5-065E04288BED}
		{6C960863-CE4E-49CE-9C15-18C696953130} = {8598B3DE-F520-46D7-A0F5-065E04288BED}
		{1F77F5B0-B18E-439F-BA8B-79757EE082F7} = {8598B3DE-F520-46D7-A0F5-065E04288BED}
		{FC71DB40-91E6-4D2D-88D7-DECDA2D60064} = {8598B3DE-F520-46D7-A0F5-065E04288BED}
		{F882E5A0-FA09-4F99-8A6E-3CC8C5E51F6D} = {8598B3DE-F520-46D7-A0F5-065E04288BED}
		{6B31EC92-29A8-4D69-A0AD-5DF61D73EB2A} = {8598B3DE-F520-46D7-A0F5-065E04288BED}
	EndGlobalSection
	GlobalSection(ExtensibilityGlobals) = postSolution
		SolutionGuid = {624821D2-8F19-461C-A7DA-52825A80BE68}
	EndGlobalSection
EndGlobal
